
Microsoft Visual Studio Solution File, Format Version 12.00
# Visual Studio Version 16
VisualStudioVersion = 16.0.809.9
MinimumVisualStudioVersion = 10.0.40219.1
Project("{FAE04EC0-301F-11D3-BF4B-00C04F79EFBC}") = "BenchmarkCore", "BenchmarkCore\BenchmarkCore.csproj", "{3D617EC5-3BEB-4A20-9CA8-7F52ADBCE978}"
EndProject
Global
	GlobalSection(SolutionConfigurationPlatforms) = preSolution
		Debug|Any CPU = Debug|Any CPU
		Release|Any CPU = Release|Any CPU
	EndGlobalSection
	GlobalSection(ProjectConfigurationPlatforms) = postSolution
		{3D617EC5-3BEB-4A20-9CA8-7F52ADBCE978}.Debug|Any CPU.ActiveCfg = Debug|Any CPU
		{3D617EC5-3BEB-4A20-9CA8-7F52ADBCE978}.Debug|Any CPU.Build.0 = Debug|Any CPU
		{3D617EC5-3BEB-4A20-9CA8-7F52ADBCE978}.Release|Any CPU.ActiveCfg = Release|Any CPU
		{3D617EC5-3BEB-4A20-9CA8-7F52ADBCE978}.Release|Any CPU.Build.0 = Release|Any CPU
	EndGlobalSection
	GlobalSection(SolutionProperties) = preSolution
		HideSolutionNode = FALSE
	EndGlobalSection
	GlobalSection(ExtensibilityGlobals) = postSolution
		SolutionGuid = {AA046CDB-2EDA-4211-9D70-AC4C68B8C4E1}
	EndGlobalSection
EndGlobal
